
Microsoft Visual Studio Solution File, Format Version 12.00
# Visual Studio Version 17
VisualStudioVersion = 17.3.32929.385
MinimumVisualStudioVersion = 10.0.40219.1
Project("{FAE04EC0-301F-11D3-BF4B-00C04F79EFBC}") = "18-10-2", "18-10-2\18-10-2.csproj", "{3FC8676F-C422-44FE-8F7C-5E01E32C237E}"
EndProject
Global
	GlobalSection(SolutionConfigurationPlatforms) = preSolution
		Debug|Any CPU = Debug|Any CPU
		Release|Any CPU = Release|Any CPU
	EndGlobalSection
	GlobalSection(ProjectConfigurationPlatforms) = postSolution
		{3FC8676F-C422-44FE-8F7C-5E01E32C237E}.Debug|Any CPU.ActiveCfg = Debug|Any CPU
		{3FC8676F-C422-44FE-8F7C-5E01E32C237E}.Debug|Any CPU.Build.0 = Debug|Any CPU
		{3FC8676F-C422-44FE-8F7C-5E01E32C237E}.Release|Any CPU.ActiveCfg = Release|Any CPU
		{3FC8676F-C422-44FE-8F7C-5E01E32C237E}.Release|Any CPU.Build.0 = Release|Any CPU
	EndGlobalSection
	GlobalSection(SolutionProperties) = preSolution
		HideSolutionNode = FALSE
	EndGlobalSection
	GlobalSection(ExtensibilityGlobals) = postSolution
		SolutionGuid = {45ADADEE-5E00-4768-BF92-9E707266D7E9}
	EndGlobalSection
EndGlobal
